github.com/fxamacker/cbor/v2 v2.7.0 h1:iM5WgngdRBanHcxugY4JySA0nk1wZorNOpTgCMedv5E=
github.com/fxamacker/cbor/v2 v2.7.0/go.mod h1:pxXPTn3joSm21Gbwsv0w9OSA2y1HFR9qXEeXQVeNoDQ=
github.com/glycerine/fwd v1.1.4-beta.jea h1:penEwsXMBPCMCH+iUj/HKRIuRzfESzLIk99OcttgqTU=
github.com/glycerine/fwd v1.1.4-beta.jea/go.mod h1:N5KPZnp8z9AaPcR/9r5u2BcdqnlfcTcEGbX1In/yyIE=
github.com/glycerine/greenpack v0.518.0 h1:V/VuEvv4aAEVhIOeear4IL0x6UeNUG5ne+9Xq+dtlFY=
github.com/glycerine/greenpack v0.518.0/go.mod h1:rDJGUPrlVMJ2UNwMzuCOD0CYjON7x+J8Kpp6Hwxx5Xc=
github.com/x448/float16 v0.8.4 h1:qLwI1I70+NjRFUR3zs1JPUCgaCXSh3SW62uAKT1mSBM=
github.com/x448/float16 v0.8.4/go.mod h1:14CWIYCyZA/cWjXOioeEpHeN/83MdbZDRQHoFcYsOfg=
